PODS:
  - IQKeyboardManagerSwift (4.0.8)
  - JSQMessagesViewController (7.3.4):
    - JSQSystemSoundPlayer (~> 2.0.1)
  - JSQSystemSoundPlayer (2.0.1)
  - QuickBlox (2.9)
  - Quickblox-WebRTC (2.3):
    - QuickBlox (>= 2.3)
  - SVProgressHUD (2.1.2)
  - SwifterSwift (1.4.1)

DEPENDENCIES:
  - IQKeyboardManagerSwift
  - JSQMessagesViewController
  - QuickBlox
  - Quickblox-WebRTC
  - SVProgressHUD
  - SwifterSwift

SPEC CHECKSUMS:
  IQKeyboardManagerSwift: c04bc9f68473823f825eb44d958fce98d921bead
  JSQMessagesViewController: 39fed975e3c9f8eba7292071e29eeb541d105e66
  JSQSystemSoundPlayer: c5850e77a4363ffd374cd851154b9af93264ed8d
  QuickBlox: 4e071921a5fb4b0ecde1f66c7ce04a70ededc90c
  Quickblox-WebRTC: 8b0265a355bb94de68fdcbc027d4db37090e9ea9
  SVProgressHUD: c404a55d78acbeb7ebb78b76d3faf986475a6994
  SwifterSwift: bef9fbfb6558091a70c71a5f7441cb17bbed78a7

PODFILE CHECKSUM: 367f257900c4b1422b9a25f41db3d1de5643525b

COCOAPODS: 1.1.1
